{
  "name": "xevbots-local",
  "version": "2.0.0",
  "lockfileVersion": 3,
  "requires": true,
  "packages": {
    "": {
      "name": "xevbots-local",
      "version": "2.0.0",
      "dependencies": {
        "boxen": "^8.0.0",
        "chalk": "^5.4.0",
        "https-proxy-agent": "^7.0.5",
        "p-queue": "^8.0.1",
        "smart-buffer": "^4.2.0",
        "ws": "^8.18.0"
      }
    },
    "node_modules/agent-base": {
      "version": "7.1.4",
      "resolved": "https://registry.npmjs.org/agent-base/-/agent-base-7.1.4.tgz",
      "integrity": "sha512-MnA+YT8fwfJPgBx3m60MNqakm30XOkyIoH1y6huTQvC0PwZG7ki8NacLBcrPbNoo8vEZy7Jpuk7+jMO+CUovTQ==",
      "license": "MIT",
      "engines": {
        "node": ">= 14"
      }
    },
    "node_modules/ansi-align": {
      "version": "3.0.1",
      "resolved": "https://registry.npmjs.org/ansi-align/-/ansi-align-3.0.1.tgz",
      "integrity": "sha512-IOfwwBF5iczOjp/WeY4YxyjqAFMQoZufdQWDd19SEExbVLNXqvpzSJ/M7Za4/sCPmQ0+GRquoA7bGcINcxew6w==",
      "license": "ISC",
      "dependencies": {
        "string-width": "^4.1.0"
      }
    },
    "node_modules/ansi-align/node_modules/ansi-regex": {
      "version": "5.0.1",
      "resolved": "https://registry.npmjs.org/ansi-regex/-/ansi-regex-5.0.1.tgz",
      "integrity": "sha512-quJQXlTSUGL2LH9SUXo8VwsY4soanhgo6LNSm84E1LBcE8s3O0wpdiRzyR9z/ZZJMlMWv37qOOb9pdJlMUEKFQ==",
      "license": "MIT",
      "engines": {
        "node": ">=8"
      }
    },
    "node_modules/ansi-align/node_modules/emoji-regex": {
      "version": "8.0.0",
      "resolved": "https://registry.npmjs.org/emoji-regex/-/emoji-regex-8.0.0.tgz",
      "integrity": "sha512-MSjYzcWNOA0ewAHpz0MxpYFvwg6yjy1NG3xteoqz644VCo/RPgnr1/GGt+ic3iJTzQ8Eu3TdM14SawnVUmGE6A==",
      "license": "MIT"
    },
    "node_modules/ansi-align/node_modules/string-width": {
      "version": "4.2.3",
      "resolved": "https://registry.npmjs.org/string-width/-/string-width-4.2.3.tgz",
      "integrity": "sha512-wKyQRQpjJ0sIp62ErSZdGsjMJWsap5oRNihHhu6G7JVO/9jIB6UyevL+tXuOqrng8j/cxKTWyWUwvSTriiZz/g==",
      "license": "MIT",
      "dependencies": {
        "emoji-regex": "^8.0.0",
        "is-fullwidth-code-point": "^3.0.0",
        "strip-ansi": "^6.0.1"
      },
      "engines": {
        "node": ">=8"
      }
    },
    "node_modules/ansi-align/node_modules/strip-ansi": {
      "version": "6.0.1",
      "resolved": "https://registry.npmjs.org/strip-ansi/-/strip-ansi-6.0.1.tgz",
      "integrity": "sha512-Y38VPSHcqkFrCpFnQ9vuSXmquuv5oXOKpGeT6aGrr3o3Gc9AlVa6JBfUSOCnbxGGZF+/0ooI7KrPuUSztUdU5A==",
      "license": "MIT",
      "dependencies": {
        "ansi-regex": "^5.0.1"
      },
      "engines": {
        "node": ">=8"
      }
    },
    "node_modules/ansi-regex": {
      "version": "6.2.0",
      "resolved": "https://registry.npmjs.org/ansi-regex/-/ansi-regex-6.2.0.tgz",
      "integrity": "sha512-TKY5pyBkHyADOPYlRT9Lx6F544mPl0vS5Ew7BJ45hA08Q+t3GjbueLliBWN3sMICk6+y7HdyxSzC4bWS8baBdg==",
      "license": "MIT",
      "engines": {
        "node": ">=12"
      },
      "funding": {
        "url": "https://github.com/chalk/ansi-regex?sponsor=1"
      }
    },
    "node_modules/ansi-styles": {
      "version": "6.2.1",
      "resolved": "https://registry.npmjs.org/ansi-styles/-/ansi-styles-6.2.1.tgz",
      "integrity": "sha512-bN798gFfQX+viw3R7yrGWRqnrN2oRkEkUjjl4JNn4E8GxxbjtG3FbrEIIY3l8/hrwUwIeCZvi4QuOTP4MErVug==",
      "license": "MIT",
      "engines": {
        "node": ">=12"
      },
      "funding": {
        "url": "https://github.com/chalk/ansi-styles?sponsor=1"
      }
    },
    "node_modules/boxen": {
      "version": "8.0.1",
      "resolved": "https://registry.npmjs.org/boxen/-/boxen-8.0.1.tgz",
      "integrity": "sha512-F3PH5k5juxom4xktynS7MoFY+NUWH5LC4CnH11YB8NPew+HLpmBLCybSAEyb2F+4pRXhuhWqFesoQd6DAyc2hw==",
      "license": "MIT",
      "dependencies": {
        "ansi-align": "^3.0.1",
        "camelcase": "^8.0.0",
        "chalk": "^5.3.0",
        "cli-boxes": "^3.0.0",
        "string-width": "^7.2.0",
        "type-fest": "^4.21.0",
        "widest-line": "^5.0.0",
        "wrap-ansi": "^9.0.0"
      },
      "engines": {
        "node": ">=18"
      },
      "funding": {
        "url": "https://github.com/sponsors/sindresorhus"
      }
    },
    "node_modules/camelcase": {
      "version": "8.0.0",
      "resolved": "https://registry.npmjs.org/camelcase/-/camelcase-8.0.0.tgz",
      "integrity": "sha512-8WB3Jcas3swSvjIeA2yvCJ+Miyz5l1ZmB6HFb9R1317dt9LCQoswg/BGrmAmkWVEszSrrg4RwmO46qIm2OEnSA==",
      "license": "MIT",
      "engines": {
        "node": ">=16"
      },
      "funding": {
        "url": "https://github.com/sponsors/sindresorhus"
      }
    },
    "node_modules/chalk": {
      "version": "5.6.0",
      "resolved": "https://registry.npmjs.org/chalk/-/chalk-5.6.0.tgz",
      "integrity": "sha512-46QrSQFyVSEyYAgQ22hQ+zDa60YHA4fBstHmtSApj1Y5vKtG27fWowW03jCk5KcbXEWPZUIR894aARCA/G1kfQ==",
      "license": "MIT",
      "engines": {
        "node": "^12.17.0 || ^14.13 || >=16.0.0"
      },
      "funding": {
        "url": "https://github.com/chalk/chalk?sponsor=1"
      }
    },
    "node_modules/cli-boxes": {
      "version": "3.0.0",
      "resolved": "https://registry.npmjs.org/cli-boxes/-/cli-boxes-3.0.0.tgz",
      "integrity": "sha512-/lzGpEWL/8PfI0BmBOPRwp0c/wFNX1RdUML3jK/RcSBA9T8mZDdQpqYBKtCFTOfQbwPqWEOpjqW+Fnayc0969g==",
      "license": "MIT",
      "engines": {
        "node": ">=10"
      },
      "funding": {
        "url": "https://github.com/sponsors/sindresorhus"
      }
    },
    "node_modules/debug": {
      "version": "4.4.1",
      "resolved": "https://registry.npmjs.org/debug/-/debug-4.4.1.tgz",
      "integrity": "sha512-KcKCqiftBJcZr++7ykoDIEwSa3XWowTfNPo92BYxjXiyYEVrUQh2aLyhxBCwww+heortUFxEJYcRzosstTEBYQ==",
      "license": "MIT",
      "dependencies": {
        "ms": "^2.1.3"
      },
      "engines": {
        "node": ">=6.0"
      },
      "peerDependenciesMeta": {
        "supports-color": {
          "optional": true
        }
      }
    },
    "node_modules/emoji-regex": {
      "version": "10.5.0",
      "resolved": "https://registry.npmjs.org/emoji-regex/-/emoji-regex-10.5.0.tgz",
      "integrity": "sha512-lb49vf1Xzfx080OKA0o6l8DQQpV+6Vg95zyCJX9VB/BqKYlhG7N4wgROUUHRA+ZPUefLnteQOad7z1kT2bV7bg==",
      "license": "MIT"
    },
    "node_modules/eventemitter3": {
      "version": "5.0.1",
      "resolved": "https://registry.npmjs.org/eventemitter3/-/eventemitter3-5.0.1.tgz",
      "integrity": "sha512-GWkBvjiSZK87ELrYOSESUYeVIc9mvLLf/nXalMOS5dYrgZq9o5OVkbZAVM06CVxYsCwH9BDZFPlQTlPA1j4ahA==",
      "license": "MIT"
    },
    "node_modules/get-east-asian-width": {
      "version": "1.3.1",
      "resolved": "https://registry.npmjs.org/get-east-asian-width/-/get-east-asian-width-1.3.1.tgz",
      "integrity": "sha512-R1QfovbPsKmosqTnPoRFiJ7CF9MLRgb53ChvMZm+r4p76/+8yKDy17qLL2PKInORy2RkZZekuK0efYgmzTkXyQ==",
      "license": "MIT",
      "engines": {
        "node": ">=18"
      },
      "funding": {
        "url": "https://github.com/sponsors/sindresorhus"
      }
    },
    "node_modules/https-proxy-agent": {
      "version": "7.0.6",
      "resolved": "https://registry.npmjs.org/https-proxy-agent/-/https-proxy-agent-7.0.6.tgz",
      "integrity": "sha512-vK9P5/iUfdl95AI+JVyUuIcVtd4ofvtrOr3HNtM2yxC9bnMbEdp3x01OhQNnjb8IJYi38VlTE3mBXwcfvywuSw==",
      "license": "MIT",
      "dependencies": {
        "agent-base": "^7.1.2",
        "debug": "4"
      },
      "engines": {
        "node": ">= 14"
      }
    },
    "node_modules/is-fullwidth-code-point": {
      "version": "3.0.0",
      "resolved": "https://registry.npmjs.org/is-fullwidth-code-point/-/is-fullwidth-code-point-3.0.0.tgz",
      "integrity": "sha512-zymm5+u+sCsSWyD9qNaejV3DFvhCKclKdizYaJUuHA83RLjb7nSuGnddCHGv0hk+KY7BMAlsWeK4Ueg6EV6XQg==",
      "license": "MIT",
      "engines": {
        "node": ">=8"
      }
    },
    "node_modules/ms": {
      "version": "2.1.3",
      "resolved": "https://registry.npmjs.org/ms/-/ms-2.1.3.tgz",
      "integrity": "sha512-6FlzubTLZG3J2a/NVCAleEhjzq5oxgHyaCU9yYXvcLsvoVaHJq/s5xXI6/XXP6tz7R9xAOtHnSO/tXtF3WRTlA==",
      "license": "MIT"
    },
    "node_modules/p-queue": {
      "version": "8.1.0",
      "resolved": "https://registry.npmjs.org/p-queue/-/p-queue-8.1.0.tgz",
      "integrity": "sha512-mxLDbbGIBEXTJL0zEx8JIylaj3xQ7Z/7eEVjcF9fJX4DBiH9oqe+oahYnlKKxm0Ci9TlWTyhSHgygxMxjIB2jw==",
      "license": "MIT",
      "dependencies": {
        "eventemitter3": "^5.0.1",
        "p-timeout": "^6.1.2"
      },
      "engines": {
        "node": ">=18"
      },
      "funding": {
        "url": "https://github.com/sponsors/sindresorhus"
      }
    },
    "node_modules/p-timeout": {
      "version": "6.1.4",
      "resolved": "https://registry.npmjs.org/p-timeout/-/p-timeout-6.1.4.tgz",
      "integrity": "sha512-MyIV3ZA/PmyBN/ud8vV9XzwTrNtR4jFrObymZYnZqMmW0zA8Z17vnT0rBgFE/TlohB+YCHqXMgZzb3Csp49vqg==",
      "license": "MIT",
      "engines": {
        "node": ">=14.16"
      },
      "funding": {
        "url": "https://github.com/sponsors/sindresorhus"
      }
    },
    "node_modules/smart-buffer": {
      "version": "4.2.0",
      "resolved": "https://registry.npmjs.org/smart-buffer/-/smart-buffer-4.2.0.tgz",
      "integrity": "sha512-94hK0Hh8rPqQl2xXc3HsaBoOXKV20MToPkcXvwbISWLEs+64sBq5kFgn2kJDHb1Pry9yrP0dxrCI9RRci7RXKg==",
      "license": "MIT",
      "engines": {
        "node": ">= 6.0.0",
        "npm": ">= 3.0.0"
      }
    },
    "node_modules/string-width": {
      "version": "7.2.0",
      "resolved": "https://registry.npmjs.org/string-width/-/string-width-7.2.0.tgz",
      "integrity": "sha512-tsaTIkKW9b4N+AEj+SVA+WhJzV7/zMhcSu78mLKWSk7cXMOSHsBKFWUs0fWwq8QyK3MgJBQRX6Gbi4kYbdvGkQ==",
      "license": "MIT",
      "dependencies": {
        "emoji-regex": "^10.3.0",
        "get-east-asian-width": "^1.0.0",
        "strip-ansi": "^7.1.0"
      },
      "engines": {
        "node": ">=18"
      },
      "funding": {
        "url": "https://github.com/sponsors/sindresorhus"
      }
    },
    "node_modules/strip-ansi": {
      "version": "7.1.0",
      "resolved": "https://registry.npmjs.org/strip-ansi/-/strip-ansi-7.1.0.tgz",
      "integrity": "sha512-iq6eVVI64nQQTRYq2KtEg2d2uU7LElhTJwsH4YzIHZshxlgZms/wIc4VoDQTlG/IvVIrBKG06CrZnp0qv7hkcQ==",
      "license": "MIT",
      "dependencies": {
        "ansi-regex": "^6.0.1"
      },
      "engines": {
        "node": ">=12"
      },
      "funding": {
        "url": "https://github.com/chalk/strip-ansi?sponsor=1"
      }
    },
    "node_modules/type-fest": {
      "version": "4.41.0",
      "resolved": "https://registry.npmjs.org/type-fest/-/type-fest-4.41.0.tgz",
      "integrity": "sha512-TeTSQ6H5YHvpqVwBRcnLDCBnDOHWYu7IvGbHT6N8AOymcr9PJGjc1GTtiWZTYg0NCgYwvnYWEkVChQAr9bjfwA==",
      "license": "(MIT OR CC0-1.0)",
      "engines": {
        "node": ">=16"
      },
      "funding": {
        "url": "https://github.com/sponsors/sindresorhus"
      }
    },
    "node_modules/widest-line": {
      "version": "5.0.0",
      "resolved": "https://registry.npmjs.org/widest-line/-/widest-line-5.0.0.tgz",
      "integrity": "sha512-c9bZp7b5YtRj2wOe6dlj32MK+Bx/M/d+9VB2SHM1OtsUHR0aV0tdP6DWh/iMt0kWi1t5g1Iudu6hQRNd1A4PVA==",
      "license": "MIT",
      "dependencies": {
        "string-width": "^7.0.0"
      },
      "engines": {
        "node": ">=18"
      },
      "funding": {
        "url": "https://github.com/sponsors/sindresorhus"
      }
    },
    "node_modules/wrap-ansi": {
      "version": "9.0.0",
      "resolved": "https://registry.npmjs.org/wrap-ansi/-/wrap-ansi-9.0.0.tgz",
      "integrity": "sha512-G8ura3S+3Z2G+mkgNRq8dqaFZAuxfsxpBB8OCTGRTCtp+l/v9nbFNmCUP1BZMts3G1142MsZfn6eeUKrr4PD1Q==",
      "license": "MIT",
      "dependencies": {
        "ansi-styles": "^6.2.1",
        "string-width": "^7.0.0",
        "strip-ansi": "^7.1.0"
      },
      "engines": {
        "node": ">=18"
      },
      "funding": {
        "url": "https://github.com/chalk/wrap-ansi?sponsor=1"
      }
    },
    "node_modules/ws": {
      "version": "8.18.3",
      "resolved": "https://registry.npmjs.org/ws/-/ws-8.18.3.tgz",
      "integrity": "sha512-PEIGCY5tSlUt50cqyMXfCzX+oOPqN0vuGqWzbcJ2xvnkzkq46oOpz7dQaTDBdfICb4N14+GARUDw2XV2N4tvzg==",
      "license": "MIT",
      "engines": {
        "node": ">=10.0.0"
      },
      "peerDependencies": {
        "bufferutil": "^4.0.1",
        "utf-8-validate": ">=5.0.2"
      },
      "peerDependenciesMeta": {
        "bufferutil": {
          "optional": true
        },
        "utf-8-validate": {
          "optional": true
        }
      }
    }
  }
}
